// !$*UTF8*$!
{
	archiveVersion = 1;
	classes = {
	};
	objectVersion = 55;
	objects = {

/* Begin PBXBuildFile section */
		6E1EE4C928B10263005E5544 /* LaunchItemsMapper.swift in Sources */ = {isa = PBXBuildFile; fileRef = 6E1EE4C828B10263005E5544 /* LaunchItemsMapper.swift */; };
		6E1EE4CC28B11B57005E5544 /* URLSessionHTTPClientTests.swift in Sources */ = {isa = PBXBuildFile; fileRef = 6E1EE4CB28B11B57005E5544 /* URLSessionHTTPClientTests.swift */; };
		6E1EE4CF28B17F71005E5544 /* XCTTestCase+MemoryLeakTracking.swift in Sources */ = {isa = PBXBuildFile; fileRef = 6E1EE4CE28B17F71005E5544 /* XCTTestCase+MemoryLeakTracking.swift */; };
		6E1EE4D128B2BED4005E5544 /* URLSessionHTTPClient.swift in Sources */ = {isa = PBXBuildFile; fileRef = 6E1EE4D028B2BED4005E5544 /* URLSessionHTTPClient.swift */; };
		6E1EE4D928B2CB63005E5544 /* LaunchesAPIEndToEndTests.swift in Sources */ = {isa = PBXBuildFile; fileRef = 6E1EE4D828B2CB63005E5544 /* LaunchesAPIEndToEndTests.swift */; };
		6E1EE4DA28B2CB63005E5544 /* Launches.framework in Frameworks */ = {isa = PBXBuildFile; fileRef = 6E8ED0C428B0101B00C734D4 /* Launches.framework */; };
		6E1EE4E028B2CF07005E5544 /* XCTTestCase+MemoryLeakTracking.swift in Sources */ = {isa = PBXBuildFile; fileRef = 6E1EE4CE28B17F71005E5544 /* XCTTestCase+MemoryLeakTracking.swift */; };
		6E8ED0CF28B0101B00C734D4 /* Launches.framework in Frameworks */ = {isa = PBXBuildFile; fileRef = 6E8ED0C428B0101B00C734D4 /* Launches.framework */; };
		6E8ED0D428B0101B00C734D4 /* LaunchesTests.swift in Sources */ = {isa = PBXBuildFile; fileRef = 6E8ED0D328B0101B00C734D4 /* LaunchesTests.swift */; };
		6E8ED0DF28B0105C00C734D4 /* LaunchItem.swift in Sources */ = {isa = PBXBuildFile; fileRef = 6E8ED0DE28B0105C00C734D4 /* LaunchItem.swift */; };
		6E8ED0E128B0113200C734D4 /* LaunchLoader.swift in Sources */ = {isa = PBXBuildFile; fileRef = 6E8ED0E028B0113200C734D4 /* LaunchLoader.swift */; };
		6E8ED0E428B0126E00C734D4 /* RemoteLaunchLoaderTests.swift in Sources */ = {isa = PBXBuildFile; fileRef = 6E8ED0E328B0126E00C734D4 /* RemoteLaunchLoaderTests.swift */; };
		6E8ED0E728B02A5900C734D4 /* RemoteLaunchLoader.swift in Sources */ = {isa = PBXBuildFile; fileRef = 6E8ED0E628B02A5900C734D4 /* RemoteLaunchLoader.swift */; };
		6E8ED0E928B02A6900C734D4 /* HTTPClient.swift in Sources */ = {isa = PBXBuildFile; fileRef = 6E8ED0E828B02A6900C734D4 /* HTTPClient.swift */; };
/* End PBXBuildFile section */

/* Begin PBXContainerItemProxy section */
		6E1EE4DB28B2CB63005E5544 /* PBXContainerItemProxy */ = {
			isa = PBXContainerItemProxy;
			containerPortal = 6E8ED0BB28B0101B00C734D4 /* Project object */;
			proxyType = 1;
			remoteGlobalIDString = 6E8ED0C328B0101B00C734D4;
			remoteInfo = Launches;
		};
		6E8ED0D028B0101B00C734D4 /* PBXContainerItemProxy */ = {
			isa = PBXContainerItemProxy;
			containerPortal = 6E8ED0BB28B0101B00C734D4 /* Project object */;
			proxyType = 1;
			remoteGlobalIDString = 6E8ED0C328B0101B00C734D4;
			remoteInfo = Launches;
		};
/* End PBXContainerItemProxy section */

/* Begin PBXFileReference section */
		6E1EE4C828B10263005E5544 /* LaunchItemsMapper.swift */ = {isa = PBXFileReference; lastKnownFileType = sourcecode.swift; path = LaunchItemsMapper.swift; sourceTree = "<group>"; };
		6E1EE4CB28B11B57005E5544 /* URLSessionHTTPClientTests.swift */ = {isa = PBXFileReference; lastKnownFileType = sourcecode.swift; path = URLSessionHTTPClientTests.swift; sourceTree = "<group>"; };
		6E1EE4CE28B17F71005E5544 /* XCTTestCase+MemoryLeakTracking.swift */ = {isa = PBXFileReference; lastKnownFileType = sourcecode.swift; path = "XCTTestCase+MemoryLeakTracking.swift"; sourceTree = "<group>"; };
		6E1EE4D028B2BED4005E5544 /* URLSessionHTTPClient.swift */ = {isa = PBXFileReference; lastKnownFileType = sourcecode.swift; path = URLSessionHTTPClient.swift; sourceTree = "<group>"; };
		6E1EE4D628B2CB63005E5544 /* LaunchesAPIEndToEndTests.xctest */ = {isa = PBXFileReference; explicitFileType = wrapper.cfbundle; includeInIndex = 0; path = LaunchesAPIEndToEndTests.xctest; sourceTree = BUILT_PRODUCTS_DIR; };
		6E1EE4D828B2CB63005E5544 /* LaunchesAPIEndToEndTests.swift */ = {isa = PBXFileReference; lastKnownFileType = sourcecode.swift; path = LaunchesAPIEndToEndTests.swift; sourceTree = "<group>"; };
		6E8ED0C428B0101B00C734D4 /* Launches.framework */ = {isa = PBXFileReference; explicitFileType = wrapper.framework; includeInIndex = 0; path = Launches.framework; sourceTree = BUILT_PRODUCTS_DIR; };
		6E8ED0CE28B0101B00C734D4 /* LaunchesTests.xctest */ = {isa = PBXFileReference; explicitFileType = wrapper.cfbundle; includeInIndex = 0; path = LaunchesTests.xctest; sourceTree = BUILT_PRODUCTS_DIR; };
		6E8ED0D328B0101B00C734D4 /* LaunchesTests.swift */ = {isa = PBXFileReference; lastKnownFileType = sourcecode.swift; path = LaunchesTests.swift; sourceTree = "<group>"; };
		6E8ED0DE28B0105C00C734D4 /* LaunchItem.swift */ = {isa = PBXFileReference; lastKnownFileType = sourcecode.swift; path = LaunchItem.swift; sourceTree = "<group>"; };
		6E8ED0E028B0113200C734D4 /* LaunchLoader.swift */ = {isa = PBXFileReference; lastKnownFileType = sourcecode.swift; path = LaunchLoader.swift; sourceTree = "<group>"; };
		6E8ED0E328B0126E00C734D4 /* RemoteLaunchLoaderTests.swift */ = {isa = PBXFileReference; lastKnownFileType = sourcecode.swift; path = RemoteLaunchLoaderTests.swift; sourceTree = "<group>"; };
		6E8ED0E628B02A5900C734D4 /* RemoteLaunchLoader.swift */ = {isa = PBXFileReference; lastKnownFileType = sourcecode.swift; path = RemoteLaunchLoader.swift; sourceTree = "<group>"; };
		6E8ED0E828B02A6900C734D4 /* HTTPClient.swift */ = {isa = PBXFileReference; lastKnownFileType = sourcecode.swift; path = HTTPClient.swift; sourceTree = "<group>"; };
/* End PBXFileReference section */

/* Begin PBXFrameworksBuildPhase section */
		6E1EE4D328B2CB63005E5544 /* Frameworks */ = {
			isa = PBXFrameworksBuildPhase;
			buildActionMask = 2147483647;
			files = (
				6E1EE4DA28B2CB63005E5544 /* Launches.framework in Frameworks */,
			);
			runOnlyForDeploymentPostprocessing = 0;
		};
		6E8ED0C128B0101B00C734D4 /* Frameworks */ = {
			isa = PBXFrameworksBuildPhase;
			buildActionMask = 2147483647;
			files = (
			);
			runOnlyForDeploymentPostprocessing = 0;
		};
		6E8ED0CB28B0101B00C734D4 /* Frameworks */ = {
			isa = PBXFrameworksBuildPhase;
			buildActionMask = 2147483647;
			files = (
				6E8ED0CF28B0101B00C734D4 /* Launches.framework in Frameworks */,
			);
			runOnlyForDeploymentPostprocessing = 0;
		};
/* End PBXFrameworksBuildPhase section */

/* Begin PBXGroup section */
		6E1EE4CA28B10991005E5544 /* Launch API */ = {
			isa = PBXGroup;
			children = (
				6E8ED0E328B0126E00C734D4 /* RemoteLaunchLoaderTests.swift */,
				6E1EE4CB28B11B57005E5544 /* URLSessionHTTPClientTests.swift */,
			);
			path = "Launch API";
			sourceTree = "<group>";
		};
		6E1EE4CD28B17F5D005E5544 /* Helpers */ = {
			isa = PBXGroup;
			children = (
				6E1EE4CE28B17F71005E5544 /* XCTTestCase+MemoryLeakTracking.swift */,
			);
			path = Helpers;
			sourceTree = "<group>";
		};
		6E1EE4D728B2CB63005E5544 /* LaunchesAPIEndToEndTests */ = {
			isa = PBXGroup;
			children = (
				6E1EE4D828B2CB63005E5544 /* LaunchesAPIEndToEndTests.swift */,
			);
			path = LaunchesAPIEndToEndTests;
			sourceTree = "<group>";
		};
		6E8ED0BA28B0101B00C734D4 = {
			isa = PBXGroup;
			children = (
				6E8ED0C628B0101B00C734D4 /* Launches */,
				6E8ED0D228B0101B00C734D4 /* LaunchesTests */,
				6E1EE4D728B2CB63005E5544 /* LaunchesAPIEndToEndTests */,
				6E8ED0C528B0101B00C734D4 /* Products */,
			);
			sourceTree = "<group>";
		};
		6E8ED0C528B0101B00C734D4 /* Products */ = {
			isa = PBXGroup;
			children = (
				6E8ED0C428B0101B00C734D4 /* Launches.framework */,
				6E8ED0CE28B0101B00C734D4 /* LaunchesTests.xctest */,
				6E1EE4D628B2CB63005E5544 /* LaunchesAPIEndToEndTests.xctest */,
			);
			name = Products;
			sourceTree = "<group>";
		};
		6E8ED0C628B0101B00C734D4 /* Launches */ = {
			isa = PBXGroup;
			children = (
				6E8ED0E528B02A3E00C734D4 /* Launch API */,
				6E8ED0E228B011C500C734D4 /* Launch Feature */,
			);
			path = Launches;
			sourceTree = "<group>";
		};
		6E8ED0D228B0101B00C734D4 /* LaunchesTests */ = {
			isa = PBXGroup;
			children = (
				6E1EE4CD28B17F5D005E5544 /* Helpers */,
				6E8ED0D328B0101B00C734D4 /* LaunchesTests.swift */,
				6E1EE4CA28B10991005E5544 /* Launch API */,
			);
			path = LaunchesTests;
			sourceTree = "<group>";
		};
		6E8ED0E228B011C500C734D4 /* Launch Feature */ = {
			isa = PBXGroup;
			children = (
				6E8ED0DE28B0105C00C734D4 /* LaunchItem.swift */,
				6E8ED0E028B0113200C734D4 /* LaunchLoader.swift */,
			);
			path = "Launch Feature";
			sourceTree = "<group>";
		};
		6E8ED0E528B02A3E00C734D4 /* Launch API */ = {
			isa = PBXGroup;
			children = (
				6E8ED0E628B02A5900C734D4 /* RemoteLaunchLoader.swift */,
				6E8ED0E828B02A6900C734D4 /* HTTPClient.swift */,
				6E1EE4C828B10263005E5544 /* LaunchItemsMapper.swift */,
				6E1EE4D028B2BED4005E5544 /* URLSessionHTTPClient.swift */,
			);
			path = "Launch API";
			sourceTree = "<group>";
		};
/* End PBXGroup section */

/* Begin PBXHeadersBuildPhase section */
		6E8ED0BF28B0101B00C734D4 /* Headers */ = {
			isa = PBXHeadersBuildPhase;
			buildActionMask = 2147483647;
			files = (
			);
			runOnlyForDeploymentPostprocessing = 0;
		};
/* End PBXHeadersBuildPhase section */

/* Begin PBXNativeTarget section */
		6E1EE4D528B2CB63005E5544 /* LaunchesAPIEndToEndTests */ = {
			isa = PBXNativeTarget;
			buildConfigurationList = 6E1EE4DD28B2CB63005E5544 /* Build configuration list for PBXNativeTarget "LaunchesAPIEndToEndTests" */;
			buildPhases = (
				6E1EE4D228B2CB63005E5544 /* Sources */,
				6E1EE4D328B2CB63005E5544 /* Frameworks */,
				6E1EE4D428B2CB63005E5544 /* Resources */,
			);
			buildRules = (
			);
			dependencies = (
				6E1EE4DC28B2CB63005E5544 /* PBXTargetDependency */,
			);
			name = LaunchesAPIEndToEndTests;
			productName = LaunchesAPIEndToEndTests;
			productReference = 6E1EE4D628B2CB63005E5544 /* LaunchesAPIEndToEndTests.xctest */;
			productType = "com.apple.product-type.bundle.unit-test";
		};
		6E8ED0C328B0101B00C734D4 /* Launches */ = {
			isa = PBXNativeTarget;
			buildConfigurationList = 6E8ED0D828B0101B00C734D4 /* Build configuration list for PBXNativeTarget "Launches" */;
			buildPhases = (
				6E8ED0BF28B0101B00C734D4 /* Headers */,
				6E8ED0C028B0101B00C734D4 /* Sources */,
				6E8ED0C128B0101B00C734D4 /* Frameworks */,
				6E8ED0C228B0101B00C734D4 /* Resources */,
			);
			buildRules = (
			);
			dependencies = (
			);
			name = Launches;
			productName = Launches;
			productReference = 6E8ED0C428B0101B00C734D4 /* Launches.framework */;
			productType = "com.apple.product-type.framework";
		};
		6E8ED0CD28B0101B00C734D4 /* LaunchesTests */ = {
			isa = PBXNativeTarget;
			buildConfigurationList = 6E8ED0DB28B0101B00C734D4 /* Build configuration list for PBXNativeTarget "LaunchesTests" */;
			buildPhases = (
				6E8ED0CA28B0101B00C734D4 /* Sources */,
				6E8ED0CB28B0101B00C734D4 /* Frameworks */,
				6E8ED0CC28B0101B00C734D4 /* Resources */,
			);
			buildRules = (
			);
			dependencies = (
				6E8ED0D128B0101B00C734D4 /* PBXTargetDependency */,
			);
			name = LaunchesTests;
			productName = LaunchesTests;
			productReference = 6E8ED0CE28B0101B00C734D4 /* LaunchesTests.xctest */;
			productType = "com.apple.product-type.bundle.unit-test";
		};
/* End PBXNativeTarget section */

/* Begin PBXProject section */
		6E8ED0BB28B0101B00C734D4 /* Project object */ = {
			isa = PBXProject;
			attributes = {
				BuildIndependentTargetsInParallel = 1;
				LastSwiftUpdateCheck = 1340;
				LastUpgradeCheck = 1340;
				TargetAttributes = {
					6E1EE4D528B2CB63005E5544 = {
						CreatedOnToolsVersion = 13.4.1;
					};
					6E8ED0C328B0101B00C734D4 = {
						CreatedOnToolsVersion = 13.4.1;
					};
					6E8ED0CD28B0101B00C734D4 = {
						CreatedOnToolsVersion = 13.4.1;
					};
				};
			};
			buildConfigurationList = 6E8ED0BE28B0101B00C734D4 /* Build configuration list for PBXProject "Launches" */;
			compatibilityVersion = "Xcode 13.0";
			developmentRegion = en;
			hasScannedForEncodings = 0;
			knownRegions = (
				en,
				Base,
			);
			mainGroup = 6E8ED0BA28B0101B00C734D4;
			productRefGroup = 6E8ED0C528B0101B00C734D4 /* Products */;
			projectDirPath = "";
			projectRoot = "";
			targets = (
				6E8ED0C328B0101B00C734D4 /* Launches */,
				6E8ED0CD28B0101B00C734D4 /* LaunchesTests */,
				6E1EE4D528B2CB63005E5544 /* LaunchesAPIEndToEndTests */,
			);
		};
/* End PBXProject section */

/* Begin PBXResourcesBuildPhase section */
		6E1EE4D428B2CB63005E5544 /* Resources */ = {
			isa = PBXResourcesBuildPhase;
			buildActionMask = 2147483647;
			files = (
			);
			runOnlyForDeploymentPostprocessing = 0;
		};
		6E8ED0C228B0101B00C734D4 /* Resources */ = {
			isa = PBXResourcesBuildPhase;
			buildActionMask = 2147483647;
			files = (
			);
			runOnlyForDeploymentPostprocessing = 0;
		};
		6E8ED0CC28B0101B00C734D4 /* Resources */ = {
			isa = PBXResourcesBuildPhase;
			buildActionMask = 2147483647;
			files = (
			);
			runOnlyForDeploymentPostprocessing = 0;
		};
/* End PBXResourcesBuildPhase section */

/* Begin PBXSourcesBuildPhase section */
		6E1EE4D228B2CB63005E5544 /* Sources */ = {
			isa = PBXSourcesBuildPhase;
			buildActionMask = 2147483647;
			files = (
				6E1EE4E028B2CF07005E5544 /* XCTTestCase+MemoryLeakTracking.swift in Sources */,
				6E1EE4D928B2CB63005E5544 /* LaunchesAPIEndToEndTests.swift in Sources */,
			);
			runOnlyForDeploymentPostprocessing = 0;
		};
		6E8ED0C028B0101B00C734D4 /* Sources */ = {
			isa = PBXSourcesBuildPhase;
			buildActionMask = 2147483647;
			files = (
				6E1EE4D128B2BED4005E5544 /* URLSessionHTTPClient.swift in Sources */,
				6E8ED0E928B02A6900C734D4 /* HTTPClient.swift in Sources */,
				6E8ED0E728B02A5900C734D4 /* RemoteLaunchLoader.swift in Sources */,
				6E8ED0DF28B0105C00C734D4 /* LaunchItem.swift in Sources */,
				6E1EE4C928B10263005E5544 /* LaunchItemsMapper.swift in Sources */,
				6E8ED0E128B0113200C734D4 /* LaunchLoader.swift in Sources */,
			);
			runOnlyForDeploymentPostprocessing = 0;
		};
		6E8ED0CA28B0101B00C734D4 /* Sources */ = {
			isa = PBXSourcesBuildPhase;
			buildActionMask = 2147483647;
			files = (
				6E8ED0D428B0101B00C734D4 /* LaunchesTests.swift in Sources */,
				6E1EE4CC28B11B57005E5544 /* URLSessionHTTPClientTests.swift in Sources */,
				6E1EE4CF28B17F71005E5544 /* XCTTestCase+MemoryLeakTracking.swift in Sources */,
				6E8ED0E428B0126E00C734D4 /* RemoteLaunchLoaderTests.swift in Sources */,
			);
			runOnlyForDeploymentPostprocessing = 0;
		};
/* End PBXSourcesBuildPhase section */

/* Begin PBXTargetDependency section */
		6E1EE4DC28B2CB63005E5544 /* PBXTargetDependency */ = {
			isa = PBXTargetDependency;
			target = 6E8ED0C328B0101B00C734D4 /* Launches */;
			targetProxy = 6E1EE4DB28B2CB63005E5544 /* PBXContainerItemProxy */;
		};
		6E8ED0D128B0101B00C734D4 /* PBXTargetDependency */ = {
			isa = PBXTargetDependency;
			target = 6E8ED0C328B0101B00C734D4 /* Launches */;
			targetProxy = 6E8ED0D028B0101B00C734D4 /* PBXContainerItemProxy */;
		};
/* End PBXTargetDependency section */

/* Begin XCBuildConfiguration section */
		6E1EE4DE28B2CB63005E5544 /* Debug */ = {
			isa = XCBuildConfiguration;
			buildSettings = {
				CODE_SIGN_STYLE = Automatic;
				CURRENT_PROJECT_VERSION = 1;
				DEVELOPMENT_TEAM = 89Y44TXV22;
				GENERATE_INFOPLIST_FILE = YES;
				MARKETING_VERSION = 1.0;
				PRODUCT_BUNDLE_IDENTIFIER = com.infomvlabs.LaunchesAPIEndToEndTests;
				PRODUCT_NAME = "$(TARGET_NAME)";
				SWIFT_EMIT_LOC_STRINGS = NO;
				SWIFT_VERSION = 5.0;
			};
			name = Debug;
		};
		6E1EE4DF28B2CB63005E5544 /* Release */ = {
			isa = XCBuildConfiguration;
			buildSettings = {
				CODE_SIGN_STYLE = Automatic;
				CURRENT_PROJECT_VERSION = 1;
				DEVELOPMENT_TEAM = 89Y44TXV22;
				GENERATE_INFOPLIST_FILE = YES;
				MARKETING_VERSION = 1.0;
				PRODUCT_BUNDLE_IDENTIFIER = com.infomvlabs.LaunchesAPIEndToEndTests;
				PRODUCT_NAME = "$(TARGET_NAME)";
				SWIFT_EMIT_LOC_STRINGS = NO;
				SWIFT_VERSION = 5.0;
			};
			name = Release;
		};
		6E8ED0D628B0101B00C734D4 /* Debug */ = {
			isa = XCBuildConfiguration;
			buildSettings = {
				ALWAYS_SEARCH_USER_PATHS = NO;
				CLANG_ANALYZER_NONNULL = YES;
				CLANG_ANALYZER_NUMBER_OBJECT_CONVERSION = YES_AGGRESSIVE;
				CLANG_CXX_LANGUAGE_STANDARD = "gnu++17";
				CLANG_ENABLE_MODULES = YES;
				CLANG_ENABLE_OBJC_ARC = YES;
				CLANG_ENABLE_OBJC_WEAK = YES;
				CLANG_WARN_BLOCK_CAPTURE_AUTORELEASING = YES;
				CLANG_WARN_BOOL_CONVERSION = YES;
				CLANG_WARN_COMMA = YES;
				CLANG_WARN_CONSTANT_CONVERSION = YES;
				CLANG_WARN_DEPRECATED_OBJC_IMPLEMENTATIONS = YES;
				CLANG_WARN_DIRECT_OBJC_ISA_USAGE = YES_ERROR;
				CLANG_WARN_DOCUMENTATION_COMMENTS = YES;
				CLANG_WARN_EMPTY_BODY = YES;
				CLANG_WARN_ENUM_CONVERSION = YES;
				CLANG_WARN_INFINITE_RECURSION = YES;
				CLANG_WARN_INT_CONVERSION = YES;
				CLANG_WARN_NON_LITERAL_NULL_CONVERSION = YES;
				CLANG_WARN_OBJC_IMPLICIT_RETAIN_SELF = YES;
				CLANG_WARN_OBJC_LITERAL_CONVERSION = YES;
				CLANG_WARN_OBJC_ROOT_CLASS = YES_ERROR;
				CLANG_WARN_QUOTED_INCLUDE_IN_FRAMEWORK_HEADER = YES;
				CLANG_WARN_RANGE_LOOP_ANALYSIS = YES;
				CLANG_WARN_STRICT_PROTOTYPES = YES;
				CLANG_WARN_SUSPICIOUS_MOVE = YES;
				CLANG_WARN_UNGUARDED_AVAILABILITY = YES_AGGRESSIVE;
				CLANG_WARN_UNREACHABLE_CODE = YES;
				CLANG_WARN__DUPLICATE_METHOD_MATCH = YES;
				COPY_PHASE_STRIP = NO;
				CURRENT_PROJECT_VERSION = 1;
				DEBUG_INFORMATION_FORMAT = dwarf;
				ENABLE_STRICT_OBJC_MSGSEND = YES;
				ENABLE_TESTABILITY = YES;
				GCC_C_LANGUAGE_STANDARD = gnu11;
				GCC_DYNAMIC_NO_PIC = NO;
				GCC_NO_COMMON_BLOCKS = YES;
				GCC_OPTIMIZATION_LEVEL = 0;
				GCC_PREPROCESSOR_DEFINITIONS = (
					"DEBUG=1",
					"$(inherited)",
				);
				GCC_WARN_64_TO_32_BIT_CONVERSION = YES;
				GCC_WARN_ABOUT_RETURN_TYPE = YES_ERROR;
				GCC_WARN_UNDECLARED_SELECTOR = YES;
				GCC_WARN_UNINITIALIZED_AUTOS = YES_AGGRESSIVE;
				GCC_WARN_UNUSED_FUNCTION = YES;
				GCC_WARN_UNUSED_VARIABLE = YES;
				MACOSX_DEPLOYMENT_TARGET = 11.6.8;
				MTL_ENABLE_DEBUG_INFO = INCLUDE_SOURCE;
				MTL_FAST_MATH = YES;
				ONLY_ACTIVE_ARCH = YES;
				SDKROOT = macosx;
				SWIFT_ACTIVE_COMPILATION_CONDITIONS = DEBUG;
				SWIFT_OPTIMIZATION_LEVEL = "-Onone";
				VERSIONING_SYSTEM = "apple-generic";
				VERSION_INFO_PREFIX = "";
			};
			name = Debug;
		};
		6E8ED0D728B0101B00C734D4 /* Release */ = {
			isa = XCBuildConfiguration;
			buildSettings = {
				ALWAYS_SEARCH_USER_PATHS = NO;
				CLANG_ANALYZER_NONNULL = YES;
				CLANG_ANALYZER_NUMBER_OBJECT_CONVERSION = YES_AGGRESSIVE;
				CLANG_CXX_LANGUAGE_STANDARD = "gnu++17";
				CLANG_ENABLE_MODULES = YES;
				CLANG_ENABLE_OBJC_ARC = YES;
				CLANG_ENABLE_OBJC_WEAK = YES;
				CLANG_WARN_BLOCK_CAPTURE_AUTORELEASING = YES;
				CLANG_WARN_BOOL_CONVERSION = YES;
				CLANG_WARN_COMMA = YES;
				CLANG_WARN_CONSTANT_CONVERSION = YES;
				CLANG_WARN_DEPRECATED_OBJC_IMPLEMENTATIONS = YES;
				CLANG_WARN_DIRECT_OBJC_ISA_USAGE = YES_ERROR;
				CLANG_WARN_DOCUMENTATION_COMMENTS = YES;
				CLANG_WARN_EMPTY_BODY = YES;
				CLANG_WARN_ENUM_CONVERSION = YES;
				CLANG_WARN_INFINITE_RECURSION = YES;
				CLANG_WARN_INT_CONVERSION = YES;
				CLANG_WARN_NON_LITERAL_NULL_CONVERSION = YES;
				CLANG_WARN_OBJC_IMPLICIT_RETAIN_SELF = YES;
				CLANG_WARN_OBJC_LITERAL_CONVERSION = YES;
				CLANG_WARN_OBJC_ROOT_CLASS = YES_ERROR;
				CLANG_WARN_QUOTED_INCLUDE_IN_FRAMEWORK_HEADER = YES;
				CLANG_WARN_RANGE_LOOP_ANALYSIS = YES;
				CLANG_WARN_STRICT_PROTOTYPES = YES;
				CLANG_WARN_SUSPICIOUS_MOVE = YES;
				CLANG_WARN_UNGUARDED_AVAILABILITY = YES_AGGRESSIVE;
				CLANG_WARN_UNREACHABLE_CODE = YES;
				CLANG_WARN__DUPLICATE_METHOD_MATCH = YES;
				COPY_PHASE_STRIP = NO;
				CURRENT_PROJECT_VERSION = 1;
				DEBUG_INFORMATION_FORMAT = "dwarf-with-dsym";
				ENABLE_NS_ASSERTIONS = NO;
				ENABLE_STRICT_OBJC_MSGSEND = YES;
				GCC_C_LANGUAGE_STANDARD = gnu11;
				GCC_NO_COMMON_BLOCKS = YES;
				GCC_WARN_64_TO_32_BIT_CONVERSION = YES;
				GCC_WARN_ABOUT_RETURN_TYPE = YES_ERROR;
				GCC_WARN_UNDECLARED_SELECTOR = YES;
				GCC_WARN_UNINITIALIZED_AUTOS = YES_AGGRESSIVE;
				GCC_WARN_UNUSED_FUNCTION = YES;
				GCC_WARN_UNUSED_VARIABLE = YES;
				MACOSX_DEPLOYMENT_TARGET = 11.6.8;
				MTL_ENABLE_DEBUG_INFO = NO;
				MTL_FAST_MATH = YES;
				SDKROOT = macosx;
				SWIFT_COMPILATION_MODE = wholemodule;
				SWIFT_OPTIMIZATION_LEVEL = "-O";
				VERSIONING_SYSTEM = "apple-generic";
				VERSION_INFO_PREFIX = "";
			};
			name = Release;
		};
		6E8ED0D928B0101B00C734D4 /* Debug */ = {
			isa = XCBuildConfiguration;
			buildSettings = {
				CODE_SIGN_STYLE = Automatic;
				COMBINE_HIDPI_IMAGES = YES;
				CURRENT_PROJECT_VERSION = 1;
				DEFINES_MODULE = YES;
				DEVELOPMENT_TEAM = 89Y44TXV22;
				DYLIB_COMPATIBILITY_VERSION = 1;
				DYLIB_CURRENT_VERSION = 1;
				DYLIB_INSTALL_NAME_BASE = "@rpath";
				GENERATE_INFOPLIST_FILE = YES;
				INFOPLIST_KEY_NSHumanReadableCopyright = "";
				INSTALL_PATH = "$(LOCAL_LIBRARY_DIR)/Frameworks";
				LD_RUNPATH_SEARCH_PATHS = (
					"$(inherited)",
					"@executable_path/../Frameworks",
					"@loader_path/Frameworks",
				);
				MACOSX_DEPLOYMENT_TARGET = 11.6.8;
				MARKETING_VERSION = 1.0;
				PRODUCT_BUNDLE_IDENTIFIER = com.infomvlabs.Launches;
				PRODUCT_NAME = "$(TARGET_NAME:c99extidentifier)";
				SKIP_INSTALL = YES;
				SWIFT_EMIT_LOC_STRINGS = YES;
				SWIFT_VERSION = 5.0;
			};
			name = Debug;
		};
		6E8ED0DA28B0101B00C734D4 /* Release */ = {
			isa = XCBuildConfiguration;
			buildSettings = {
				CODE_SIGN_STYLE = Automatic;
				COMBINE_HIDPI_IMAGES = YES;
				CURRENT_PROJECT_VERSION = 1;
				DEFINES_MODULE = YES;
				DEVELOPMENT_TEAM = 89Y44TXV22;
				DYLIB_COMPATIBILITY_VERSION = 1;
				DYLIB_CURRENT_VERSION = 1;
				DYLIB_INSTALL_NAME_BASE = "@rpath";
				GENERATE_INFOPLIST_FILE = YES;
				INFOPLIST_KEY_NSHumanReadableCopyright = "";
				INSTALL_PATH = "$(LOCAL_LIBRARY_DIR)/Frameworks";
				LD_RUNPATH_SEARCH_PATHS = (
					"$(inherited)",
					"@executable_path/../Frameworks",
					"@loader_path/Frameworks",
				);
				MACOSX_DEPLOYMENT_TARGET = 11.6.8;
				MARKETING_VERSION = 1.0;
				PRODUCT_BUNDLE_IDENTIFIER = com.infomvlabs.Launches;
				PRODUCT_NAME = "$(TARGET_NAME:c99extidentifier)";
				SKIP_INSTALL = YES;
				SWIFT_EMIT_LOC_STRINGS = YES;
				SWIFT_VERSION = 5.0;
			};
			name = Release;
		};
		6E8ED0DC28B0101B00C734D4 /* Debug */ = {
			isa = XCBuildConfiguration;
			buildSettings = {
				ALWAYS_EMBED_SWIFT_STANDARD_LIBRARIES = YES;
				CODE_SIGN_STYLE = Automatic;
				CURRENT_PROJECT_VERSION = 1;
				DEVELOPMENT_TEAM = 89Y44TXV22;
				GENERATE_INFOPLIST_FILE = YES;
				MARKETING_VERSION = 1.0;
				PRODUCT_BUNDLE_IDENTIFIER = com.infomvlabs.LaunchesTests;
				PRODUCT_NAME = "$(TARGET_NAME)";
				SWIFT_EMIT_LOC_STRINGS = NO;
				SWIFT_VERSION = 5.0;
			};
			name = Debug;
		};
		6E8ED0DD28B0101B00C734D4 /* Release */ = {
			isa = XCBuildConfiguration;
			buildSettings = {
				ALWAYS_EMBED_SWIFT_STANDARD_LIBRARIES = YES;
				CODE_SIGN_STYLE = Automatic;
				CURRENT_PROJECT_VERSION = 1;
				DEVELOPMENT_TEAM = 89Y44TXV22;
				GENERATE_INFOPLIST_FILE = YES;
				MARKETING_VERSION = 1.0;
				PRODUCT_BUNDLE_IDENTIFIER = com.infomvlabs.LaunchesTests;
				PRODUCT_NAME = "$(TARGET_NAME)";
				SWIFT_EMIT_LOC_STRINGS = NO;
				SWIFT_VERSION = 5.0;
			};
			name = Release;
		};
/* End XCBuildConfiguration section */

/* Begin XCConfigurationList section */
		6E1EE4DD28B2CB63005E5544 /* Build configuration list for PBXNativeTarget "LaunchesAPIEndToEndTests" */ = {
			isa = XCConfigurationList;
			buildConfigurations = (
				6E1EE4DE28B2CB63005E5544 /* Debug */,
				6E1EE4DF28B2CB63005E5544 /* Release */,
			);
			defaultConfigurationIsVisible = 0;
			defaultConfigurationName = Release;
		};
		6E8ED0BE28B0101B00C734D4 /* Build configuration list for PBXProject "Launches" */ = {
			isa = XCConfigurationList;
			buildConfigurations = (
				6E8ED0D628B0101B00C734D4 /* Debug */,
				6E8ED0D728B0101B00C734D4 /* Release */,
			);
			defaultConfigurationIsVisible = 0;
			defaultConfigurationName = Release;
		};
		6E8ED0D828B0101B00C734D4 /* Build configuration list for PBXNativeTarget "Launches" */ = {
			isa = XCConfigurationList;
			buildConfigurations = (
				6E8ED0D928B0101B00C734D4 /* Debug */,
				6E8ED0DA28B0101B00C734D4 /* Release */,
			);
			defaultConfigurationIsVisible = 0;
			defaultConfigurationName = Release;
		};
		6E8ED0DB28B0101B00C734D4 /* Build configuration list for PBXNativeTarget "LaunchesTests" */ = {
			isa = XCConfigurationList;
			buildConfigurations = (
				6E8ED0DC28B0101B00C734D4 /* Debug */,
				6E8ED0DD28B0101B00C734D4 /* Release */,
			);
			defaultConfigurationIsVisible = 0;
			defaultConfigurationName = Release;
		};
/* End XCConfigurationList section */
	};
	rootObject = 6E8ED0BB28B0101B00C734D4 /* Project object */;
}
